
Microsoft Visual Studio Solution File, Format Version 12.00
Project("{2150E333-8FDC-42A3-9474-1A3956D46DE8}") = "lib", "lib", "{F3236C0B-C091-4793-BFED-0CB36628EE34}"
EndProject
Project("{FAE04EC0-301F-11D3-BF4B-00C04F79EFBC}") = "Warp.NET", "src\lib\Warp.NET\Warp.NET.csproj", "{78C76A17-A6DF-4E4A-AC26-C91062CD6EA0}"
EndProject
Project("{FAE04EC0-301F-11D3-BF4B-00C04F79EFBC}") = "Warp.NET.SourceGen", "src\lib\Warp.NET.SourceGen\Warp.NET.SourceGen.csproj", "{2D32D846-4380-4900-A08C-EA7E8BFFC24D}"
EndProject
Project("{2150E333-8FDC-42A3-9474-1A3956D46DE8}") = "tests", "tests", "{2BFFD55D-DF8A-4D4A-B6F1-5C8B11BC8551}"
EndProject
Project("{FAE04EC0-301F-11D3-BF4B-00C04F79EFBC}") = "Warp.NET.Tests", "src\tests\Warp.NET.Tests\Warp.NET.Tests.csproj", "{A938C22A-2D4D-47AF-8EB7-87DE85F7B9D4}"
EndProject
Project("{FAE04EC0-301F-11D3-BF4B-00C04F79EFBC}") = "Warp.NET.SourceGen.Tests", "src\tests\Warp.NET.SourceGen.Tests\Warp.NET.SourceGen.Tests.csproj", "{7FE7F937-6474-4085-9D74-7FE6748BA57E}"
EndProject
Project("{2150E333-8FDC-42A3-9474-1A3956D46DE8}") = "samples", "samples", "{E18F8A82-4C26-4FEA-89C9-9950399966AE}"
EndProject
Project("{FAE04EC0-301F-11D3-BF4B-00C04F79EFBC}") = "Warp.NET.Samples.Text", "src\samples\Warp.NET.Samples.Text\Warp.NET.Samples.Text.csproj", "{F3A31366-AFFA-45A3-97B7-D6100491B497}"
EndProject
Project("{FAE04EC0-301F-11D3-BF4B-00C04F79EFBC}") = "Warp.NET.Samples.Window", "src\samples\Warp.NET.Samples.Window\Warp.NET.Samples.Window.csproj", "{0BEA9648-9FAF-4BEA-932A-C5856C8ACBFA}"
EndProject
Project("{2150E333-8FDC-42A3-9474-1A3956D46DE8}") = "editor", "editor", "{0766CA36-D1E3-4FD3-A025-04D3B05E3235}"
EndProject
Project("{FAE04EC0-301F-11D3-BF4B-00C04F79EFBC}") = "Warp.NET.Editor", "src\editor\Warp.NET.Editor\Warp.NET.Editor.csproj", "{8C7617ED-9824-42D8-A8C5-7C9269A21B7B}"
EndProject
Project("{FAE04EC0-301F-11D3-BF4B-00C04F79EFBC}") = "Warp.NET.RenderImpl.Ui", "src\lib\Warp.NET.RenderImpl.Ui\Warp.NET.RenderImpl.Ui.csproj", "{739719C9-AF8F-4CE9-90C9-31F310D35391}"
EndProject
Global
	GlobalSection(SolutionConfigurationPlatforms) = preSolution
		Debug|Any CPU = Debug|Any CPU
		Release|Any CPU = Release|Any CPU
	EndGlobalSection
	GlobalSection(ProjectConfigurationPlatforms) = postSolution
		{78C76A17-A6DF-4E4A-AC26-C91062CD6EA0}.Debug|Any CPU.ActiveCfg = Debug|Any CPU
		{78C76A17-A6DF-4E4A-AC26-C91062CD6EA0}.Debug|Any CPU.Build.0 = Debug|Any CPU
		{78C76A17-A6DF-4E4A-AC26-C91062CD6EA0}.Release|Any CPU.ActiveCfg = Release|Any CPU
		{78C76A17-A6DF-4E4A-AC26-C91062CD6EA0}.Release|Any CPU.Build.0 = Release|Any CPU
		{2D32D846-4380-4900-A08C-EA7E8BFFC24D}.Debug|Any CPU.ActiveCfg = Debug|Any CPU
		{2D32D846-4380-4900-A08C-EA7E8BFFC24D}.Debug|Any CPU.Build.0 = Debug|Any CPU
		{2D32D846-4380-4900-A08C-EA7E8BFFC24D}.Release|Any CPU.ActiveCfg = Release|Any CPU
		{2D32D846-4380-4900-A08C-EA7E8BFFC24D}.Release|Any CPU.Build.0 = Release|Any CPU
		{7FE7F937-6474-4085-9D74-7FE6748BA57E}.Debug|Any CPU.ActiveCfg = Debug|Any CPU
		{7FE7F937-6474-4085-9D74-7FE6748BA57E}.Debug|Any CPU.Build.0 = Debug|Any CPU
		{7FE7F937-6474-4085-9D74-7FE6748BA57E}.Release|Any CPU.ActiveCfg = Release|Any CPU
		{7FE7F937-6474-4085-9D74-7FE6748BA57E}.Release|Any CPU.Build.0 = Release|Any CPU
		{A938C22A-2D4D-47AF-8EB7-87DE85F7B9D4}.Debug|Any CPU.ActiveCfg = Debug|Any CPU
		{A938C22A-2D4D-47AF-8EB7-87DE85F7B9D4}.Debug|Any CPU.Build.0 = Debug|Any CPU
		{A938C22A-2D4D-47AF-8EB7-87DE85F7B9D4}.Release|Any CPU.ActiveCfg = Release|Any CPU
		{A938C22A-2D4D-47AF-8EB7-87DE85F7B9D4}.Release|Any CPU.Build.0 = Release|Any CPU
		{0BEA9648-9FAF-4BEA-932A-C5856C8ACBFA}.Debug|Any CPU.ActiveCfg = Debug|Any CPU
		{0BEA9648-9FAF-4BEA-932A-C5856C8ACBFA}.Debug|Any CPU.Build.0 = Debug|Any CPU
		{0BEA9648-9FAF-4BEA-932A-C5856C8ACBFA}.Release|Any CPU.ActiveCfg = Release|Any CPU
		{0BEA9648-9FAF-4BEA-932A-C5856C8ACBFA}.Release|Any CPU.Build.0 = Release|Any CPU
		{F3A31366-AFFA-45A3-97B7-D6100491B497}.Debug|Any CPU.ActiveCfg = Debug|Any CPU
		{F3A31366-AFFA-45A3-97B7-D6100491B497}.Debug|Any CPU.Build.0 = Debug|Any CPU
		{F3A31366-AFFA-45A3-97B7-D6100491B497}.Release|Any CPU.ActiveCfg = Release|Any CPU
		{F3A31366-AFFA-45A3-97B7-D6100491B497}.Release|Any CPU.Build.0 = Release|Any CPU
		{8C7617ED-9824-42D8-A8C5-7C9269A21B7B}.Debug|Any CPU.ActiveCfg = Debug|Any CPU
		{8C7617ED-9824-42D8-A8C5-7C9269A21B7B}.Debug|Any CPU.Build.0 = Debug|Any CPU
		{8C7617ED-9824-42D8-A8C5-7C9269A21B7B}.Release|Any CPU.ActiveCfg = Release|Any CPU
		{8C7617ED-9824-42D8-A8C5-7C9269A21B7B}.Release|Any CPU.Build.0 = Release|Any CPU
		{739719C9-AF8F-4CE9-90C9-31F310D35391}.Debug|Any CPU.ActiveCfg = Debug|Any CPU
		{739719C9-AF8F-4CE9-90C9-31F310D35391}.Debug|Any CPU.Build.0 = Debug|Any CPU
		{739719C9-AF8F-4CE9-90C9-31F310D35391}.Release|Any CPU.ActiveCfg = Release|Any CPU
		{739719C9-AF8F-4CE9-90C9-31F310D35391}.Release|Any CPU.Build.0 = Release|Any CPU
	EndGlobalSection
	GlobalSection(NestedProjects) = preSolution
		{78C76A17-A6DF-4E4A-AC26-C91062CD6EA0} = {F3236C0B-C091-4793-BFED-0CB36628EE34}
		{2D32D846-4380-4900-A08C-EA7E8BFFC24D} = {F3236C0B-C091-4793-BFED-0CB36628EE34}
		{7FE7F937-6474-4085-9D74-7FE6748BA57E} = {2BFFD55D-DF8A-4D4A-B6F1-5C8B11BC8551}
		{A938C22A-2D4D-47AF-8EB7-87DE85F7B9D4} = {2BFFD55D-DF8A-4D4A-B6F1-5C8B11BC8551}
		{0BEA9648-9FAF-4BEA-932A-C5856C8ACBFA} = {E18F8A82-4C26-4FEA-89C9-9950399966AE}
		{F3A31366-AFFA-45A3-97B7-D6100491B497} = {E18F8A82-4C26-4FEA-89C9-9950399966AE}
		{8C7617ED-9824-42D8-A8C5-7C9269A21B7B} = {0766CA36-D1E3-4FD3-A025-04D3B05E3235}
		{739719C9-AF8F-4CE9-90C9-31F310D35391} = {F3236C0B-C091-4793-BFED-0CB36628EE34}
	EndGlobalSection
EndGlobal
